# THIS IS AN AUTOGENERATED FILE. DO NOT EDIT THIS FILE DIRECTLY.
# yarn lockfile v1


dotenv@^16.4.5:
  version "16.4.5"
  resolved "https://registry.yarnpkg.com/dotenv/-/dotenv-16.4.5.tgz#cdd3b3b604cb327e286b4762e13502f717cb099f"
  integrity sha512-ZmdL2rui+eB2YwhsWzjInR8LldtZHGDoQ1ugH85ppHKwpUHL7j7rN0Ti9NCnGiQbhaZ11FpR+7ao1dNsmduNUg==

turbo-darwin-64@2.3.1:
  version "2.3.1"
  resolved "https://registry.yarnpkg.com/turbo-darwin-64/-/turbo-darwin-64-2.3.1.tgz#c8ee4e91cc97ecb7ba30ee0f5448edab1bcd7d76"
  integrity sha512-tjHfjW/Gs8Q9IO+9gPdIsSStZ8I09QYDRT/SyhFTPLnc7O2ZlxHPBVFfjUkHUjanHNYO8CpRGt+zdp1PaMCruw==

turbo-darwin-arm64@2.3.1:
  version "2.3.1"
  resolved "https://registry.yarnpkg.com/turbo-darwin-arm64/-/turbo-darwin-arm64-2.3.1.tgz#123b11225e3a3462f8e0a4dc292f30ed773e266f"
  integrity sha512-At1WStnxCfrBQ4M2g6ynre8WsusGwA11okhVolBxyFUemYozDTtbZwelr+IqNggjT251vviokxOkcFzzogbiFw==

turbo-linux-64@2.3.1:
  version "2.3.1"
  resolved "https://registry.yarnpkg.com/turbo-linux-64/-/turbo-linux-64-2.3.1.tgz#22966ffe8fd1aa4ebfd678059125a9b9fbebdd94"
  integrity sha512-COwEev7s9fsxLM2eoRCyRLPj+BXvZjFIS+GxzdAubYhoSoZit8B8QGKczyDl6448xhuFEWKrpHhcR9aBuwB4ag==

turbo-linux-arm64@2.3.1:
  version "2.3.1"
  resolved "https://registry.yarnpkg.com/turbo-linux-arm64/-/turbo-linux-arm64-2.3.1.tgz#71ad185324754c589a10e57c671c97ef5b598d54"
  integrity sha512-AP0uE15Rhxza2Jl+Q3gxdXRA92IIeFAYaufz6CMcZuGy9yZsBlLt9w6T47H6g7XQPzWuw8pzfjM1omcTKkkDpQ==

turbo-windows-64@2.3.1:
  version "2.3.1"
  resolved "https://registry.yarnpkg.com/turbo-windows-64/-/turbo-windows-64-2.3.1.tgz#d74e2dc84d3c5ad29b9c9483003a9af0fcc0d8df"
  integrity sha512-HDSneq0dNZYZch74c2eygq+OiJE/JYDs7OsGM0yRYVj336383xkUnxz6W2I7qiyMCQXzp4UVUDZXvZhUYcX3BA==

turbo-windows-arm64@2.3.1:
  version "2.3.1"
  resolved "https://registry.yarnpkg.com/turbo-windows-arm64/-/turbo-windows-arm64-2.3.1.tgz#db6e66cfafb7b073c2e71c3c68edfc3291536a31"
  integrity sha512-7/2/sJZiquwoT/jWBCfV0qKq4NarsJPmDRjMcR9dDMIwCYsGM8ljomkDRTCtkNeFcUvYw54MiRWHehWgbcRPsw==

turbo@^2.3.1:
  version "2.3.1"
  resolved "https://registry.yarnpkg.com/turbo/-/turbo-2.3.1.tgz#5305aaa936591e02d6d6b412416ac74aab8f0aee"
  integrity sha512-vHZe/e6k1HZVKiMQPQ1BWFn53vjVQDFKdkjUq/pBKlRWi1gw9LQO6ntH4qZCcHY1rH6TXgsRmexXdgWl96YvVQ==
  optionalDependencies:
    turbo-darwin-64 "2.3.1"
    turbo-darwin-arm64 "2.3.1"
    turbo-linux-64 "2.3.1"
    turbo-linux-arm64 "2.3.1"
    turbo-windows-64 "2.3.1"
    turbo-windows-arm64 "2.3.1"
